
Microsoft Visual Studio Solution File, Format Version 12.00
# Visual Studio Version 16
VisualStudioVersion = 16.0.30204.135
MinimumVisualStudioVersion = 10.0.40219.1
Project("{FAE04EC0-301F-11D3-BF4B-00C04F79EFBC}") = "ServerApp", "TCPIP-From\ServerApp.csproj", "{C9713E13-AC36-4AAB-926E-5C10643A4D52}"
EndProject
Project("{FAE04EC0-301F-11D3-BF4B-00C04F79EFBC}") = "ClientApp", "ClientApp\ClientApp.csproj", "{2624F88D-BD17-43A4-B6E7-033B95180B60}"
EndProject
Global
	GlobalSection(SolutionConfigurationPlatforms) = preSolution
		Debug|Any CPU = Debug|Any CPU
		Release|Any CPU = Release|Any CPU
	EndGlobalSection
	GlobalSection(ProjectConfigurationPlatforms) = postSolution
		{C9713E13-AC36-4AAB-926E-5C10643A4D52}.Debug|Any CPU.ActiveCfg = Debug|Any CPU
		{C9713E13-AC36-4AAB-926E-5C10643A4D52}.Debug|Any CPU.Build.0 = Debug|Any CPU
		{C9713E13-AC36-4AAB-926E-5C10643A4D52}.Release|Any CPU.ActiveCfg = Release|Any CPU
		{C9713E13-AC36-4AAB-926E-5C10643A4D52}.Release|Any CPU.Build.0 = Release|Any CPU
		{2624F88D-BD17-43A4-B6E7-033B95180B60}.Debug|Any CPU.ActiveCfg = Debug|Any CPU
		{2624F88D-BD17-43A4-B6E7-033B95180B60}.Debug|Any CPU.Build.0 = Debug|Any CPU
		{2624F88D-BD17-43A4-B6E7-033B95180B60}.Release|Any CPU.ActiveCfg = Release|Any CPU
		{2624F88D-BD17-43A4-B6E7-033B95180B60}.Release|Any CPU.Build.0 = Release|Any CPU
	EndGlobalSection
	GlobalSection(SolutionProperties) = preSolution
		HideSolutionNode = FALSE
	EndGlobalSection
	GlobalSection(ExtensibilityGlobals) = postSolution
		SolutionGuid = {8C00E56B-ABB7-46E1-8D2C-E6752B760DD9}
	EndGlobalSection
EndGlobal
